
Microsoft Visual Studio Solution File, Format Version 12.00
# Visual Studio 15
VisualStudioVersion = 15.0.28307.1259
MinimumVisualStudioVersion = 10.0.40219.1
Project("{FAE04EC0-301F-11D3-BF4B-00C04F79EFBC}") = "TPV2doParcial", "TPV2doParcial\TPV2doParcial.csproj", "{7D7FBAA8-375E-4ACD-BC4E-F1466EB3F395}"
EndProject
Global
	GlobalSection(SolutionConfigurationPlatforms) = preSolution
		Debug|Any CPU = Debug|Any CPU
		Release|Any CPU = Release|Any CPU
	EndGlobalSection
	GlobalSection(ProjectConfigurationPlatforms) = postSolution
		{7D7FBAA8-375E-4ACD-BC4E-F1466EB3F395}.Debug|Any CPU.ActiveCfg = Debug|Any CPU
		{7D7FBAA8-375E-4ACD-BC4E-F1466EB3F395}.Debug|Any CPU.Build.0 = Debug|Any CPU
		{7D7FBAA8-375E-4ACD-BC4E-F1466EB3F395}.Release|Any CPU.ActiveCfg = Release|Any CPU
		{7D7FBAA8-375E-4ACD-BC4E-F1466EB3F395}.Release|Any CPU.Build.0 = Release|Any CPU
	EndGlobalSection
	GlobalSection(SolutionProperties) = preSolution
		HideSolutionNode = FALSE
	EndGlobalSection
	GlobalSection(ExtensibilityGlobals) = postSolution
		SolutionGuid = {76A3F75D-804A-4A89-B75A-C36F809AC81F}
	EndGlobalSection
EndGlobal
